
Microsoft Visual Studio Solution File, Format Version 12.00
# Visual Studio Version 17
VisualStudioVersion = 17.9.34728.123
MinimumVisualStudioVersion = 10.0.40219.1
Project("{9A19103F-16F7-4668-BE54-9A1E7A4F7556}") = "ETHTPS.WSB", "ETHTPS.WSB.csproj", "{B8F1ADE0-D49C-4BA8-B36C-C4F64C6FAE45}"
EndProject
Project("{FAE04EC0-301F-11D3-BF4B-00C04F79EFBC}") = "ETHTPS.Grabber", "..\ETHTPS.Grabber\ETHTPS.Grabber.csproj", "{988BD808-2F89-485B-BA24-6EB5283DED85}"
EndProject
Global
	GlobalSection(SolutionConfigurationPlatforms) = preSolution
		Debug|Any CPU = Debug|Any CPU
		Release|Any CPU = Release|Any CPU
	EndGlobalSection
	GlobalSection(ProjectConfigurationPlatforms) = postSolution
		{B8F1ADE0-D49C-4BA8-B36C-C4F64C6FAE45}.Debug|Any CPU.ActiveCfg = Debug|Any CPU
		{B8F1ADE0-D49C-4BA8-B36C-C4F64C6FAE45}.Debug|Any CPU.Build.0 = Debug|Any CPU
		{B8F1ADE0-D49C-4BA8-B36C-C4F64C6FAE45}.Release|Any CPU.ActiveCfg = Release|Any CPU
		{B8F1ADE0-D49C-4BA8-B36C-C4F64C6FAE45}.Release|Any CPU.Build.0 = Release|Any CPU
		{988BD808-2F89-485B-BA24-6EB5283DED85}.Debug|Any CPU.ActiveCfg = Debug|Any CPU
		{988BD808-2F89-485B-BA24-6EB5283DED85}.Debug|Any CPU.Build.0 = Debug|Any CPU
		{988BD808-2F89-485B-BA24-6EB5283DED85}.Release|Any CPU.ActiveCfg = Release|Any CPU
		{988BD808-2F89-485B-BA24-6EB5283DED85}.Release|Any CPU.Build.0 = Release|Any CPU
	EndGlobalSection
	GlobalSection(SolutionProperties) = preSolution
		HideSolutionNode = FALSE
	EndGlobalSection
	GlobalSection(ExtensibilityGlobals) = postSolution
		SolutionGuid = {0DADB7C9-F8ED-4490-899D-82C9FCEF2AC2}
	EndGlobalSection
EndGlobal
